
Microsoft Visual Studio Solution File, Format Version 12.00
# Visual Studio Version 16
VisualStudioVersion = 16.0.30717.126
MinimumVisualStudioVersion = 10.0.40219.1
Project("{2150E333-8FDC-42A3-9474-1A3956D46DE8}") = "API", "API", "{91C51919-1B54-4775-B00E-3605E7DC5D73}"
EndProject
Project("{9A19103F-16F7-4668-BE54-9A1E7A4F7556}") = "ToDoWeek.API", "ToDoWeek.API\ToDoWeek.API.csproj", "{1231DA30-3FC3-49A1-A79A-ABC1426258AF}"
EndProject
Project("{2150E333-8FDC-42A3-9474-1A3956D46DE8}") = "Domain", "Domain", "{4AA97022-05B3-4E23-B2A1-185172A5F061}"
EndProject
Project("{9A19103F-16F7-4668-BE54-9A1E7A4F7556}") = "ToDoWeek.Domain", "ToDoWeek.Domain\ToDoWeek.Domain.csproj", "{E7AD20CE-F3BB-49FC-9D2D-C7BFDF436EB3}"
EndProject
Project("{2150E333-8FDC-42A3-9474-1A3956D46DE8}") = "Service", "Service", "{A52F2297-54A6-421E-89EE-CE3AA0077F33}"
EndProject
Project("{2150E333-8FDC-42A3-9474-1A3956D46DE8}") = "Infra", "Infra", "{01DEB94B-E0E5-4CED-BC4A-758D2A083D6E}"
EndProject
Project("{9A19103F-16F7-4668-BE54-9A1E7A4F7556}") = "ToDoWeek.Infra", "ToDoWeek.Infra\ToDoWeek.Infra.csproj", "{6E9ABE6B-657B-442B-942F-FC11941E9066}"
EndProject
Project("{9A19103F-16F7-4668-BE54-9A1E7A4F7556}") = "ToDoWeek.Service", "ToDoWeek.Service\ToDoWeek.Service.csproj", "{152ACB6B-E021-4DF9-B573-48B1709FFA2A}"
EndProject
Project("{2150E333-8FDC-42A3-9474-1A3956D46DE8}") = "UnitTests", "UnitTests", "{2E578956-5514-4F1D-8B7E-D48E15536F12}"
EndProject
Project("{FAE04EC0-301F-11D3-BF4B-00C04F79EFBC}") = "ToDoWeeek.UnitTests", "ToDoWeeek.UnitTests\ToDoWeeek.UnitTests.csproj", "{B281F0B6-F03D-4A48-A0F2-A02AE80875AF}"
EndProject
Global
	GlobalSection(SolutionConfigurationPlatforms) = preSolution
		Debug|Any CPU = Debug|Any CPU
		Release|Any CPU = Release|Any CPU
	EndGlobalSection
	GlobalSection(ProjectConfigurationPlatforms) = postSolution
		{1231DA30-3FC3-49A1-A79A-ABC1426258AF}.Debug|Any CPU.ActiveCfg = Debug|Any CPU
		{1231DA30-3FC3-49A1-A79A-ABC1426258AF}.Debug|Any CPU.Build.0 = Debug|Any CPU
		{1231DA30-3FC3-49A1-A79A-ABC1426258AF}.Release|Any CPU.ActiveCfg = Release|Any CPU
		{1231DA30-3FC3-49A1-A79A-ABC1426258AF}.Release|Any CPU.Build.0 = Release|Any CPU
		{E7AD20CE-F3BB-49FC-9D2D-C7BFDF436EB3}.Debug|Any CPU.ActiveCfg = Debug|Any CPU
		{E7AD20CE-F3BB-49FC-9D2D-C7BFDF436EB3}.Debug|Any CPU.Build.0 = Debug|Any CPU
		{E7AD20CE-F3BB-49FC-9D2D-C7BFDF436EB3}.Release|Any CPU.ActiveCfg = Release|Any CPU
		{E7AD20CE-F3BB-49FC-9D2D-C7BFDF436EB3}.Release|Any CPU.Build.0 = Release|Any CPU
		{6E9ABE6B-657B-442B-942F-FC11941E9066}.Debug|Any CPU.ActiveCfg = Debug|Any CPU
		{6E9ABE6B-657B-442B-942F-FC11941E9066}.Debug|Any CPU.Build.0 = Debug|Any CPU
		{6E9ABE6B-657B-442B-942F-FC11941E9066}.Release|Any CPU.ActiveCfg = Release|Any CPU
		{6E9ABE6B-657B-442B-942F-FC11941E9066}.Release|Any CPU.Build.0 = Release|Any CPU
		{152ACB6B-E021-4DF9-B573-48B1709FFA2A}.Debug|Any CPU.ActiveCfg = Debug|Any CPU
		{152ACB6B-E021-4DF9-B573-48B1709FFA2A}.Debug|Any CPU.Build.0 = Debug|Any CPU
		{152ACB6B-E021-4DF9-B573-48B1709FFA2A}.Release|Any CPU.ActiveCfg = Release|Any CPU
		{152ACB6B-E021-4DF9-B573-48B1709FFA2A}.Release|Any CPU.Build.0 = Release|Any CPU
		{B281F0B6-F03D-4A48-A0F2-A02AE80875AF}.Debug|Any CPU.ActiveCfg = Debug|Any CPU
		{B281F0B6-F03D-4A48-A0F2-A02AE80875AF}.Debug|Any CPU.Build.0 = Debug|Any CPU
		{B281F0B6-F03D-4A48-A0F2-A02AE80875AF}.Release|Any CPU.ActiveCfg = Release|Any CPU
		{B281F0B6-F03D-4A48-A0F2-A02AE80875AF}.Release|Any CPU.Build.0 = Release|Any CPU
	EndGlobalSection
	GlobalSection(SolutionProperties) = preSolution
		HideSolutionNode = FALSE
	EndGlobalSection
	GlobalSection(NestedProjects) = preSolution
		{1231DA30-3FC3-49A1-A79A-ABC1426258AF} = {91C51919-1B54-4775-B00E-3605E7DC5D73}
		{E7AD20CE-F3BB-49FC-9D2D-C7BFDF436EB3} = {4AA97022-05B3-4E23-B2A1-185172A5F061}
		{6E9ABE6B-657B-442B-942F-FC11941E9066} = {01DEB94B-E0E5-4CED-BC4A-758D2A083D6E}
		{152ACB6B-E021-4DF9-B573-48B1709FFA2A} = {A52F2297-54A6-421E-89EE-CE3AA0077F33}
		{B281F0B6-F03D-4A48-A0F2-A02AE80875AF} = {2E578956-5514-4F1D-8B7E-D48E15536F12}
	EndGlobalSection
	GlobalSection(ExtensibilityGlobals) = postSolution
		SolutionGuid = {0801D105-3A48-40D0-833E-F21B34B6005D}
	EndGlobalSection
EndGlobal
